
Microsoft Visual Studio Solution File, Format Version 12.00
# Visual Studio Version 17
VisualStudioVersion = 17.11.35312.102
MinimumVisualStudioVersion = 10.0.40219.1
Project("{9A19103F-16F7-4668-BE54-9A1E7A4F7556}") = "AdventCalender2024", "AdventCalender2024\AdventCalender2024.csproj", "{ACE4C52F-AE2A-46EA-9D6D-0F0029B846EF}"
EndProject
Project("{2150E333-8FDC-42A3-9474-1A3956D46DE8}") = "Data", "Data", "{4DACF2EB-B60B-466D-9BD3-8B3075EBEBEA}"
	ProjectSection(SolutionItems) = preProject
		TextFile1.1.txt = TextFile1.1.txt
		TextFile2.1.txt = TextFile2.1.txt
		TextFile3.1.txt = TextFile3.1.txt
		TextFile4.1.txt = TextFile4.1.txt
	EndProjectSection
EndProject
Project("{9A19103F-16F7-4668-BE54-9A1E7A4F7556}") = "AdventDay2", "AdventDay2\AdventDay2.csproj", "{C96FE6D3-84C5-4834-90B8-7A093424C58F}"
EndProject
Project("{9A19103F-16F7-4668-BE54-9A1E7A4F7556}") = "AdventDay3", "AdventDay3\AdventDay3.csproj", "{2B86A3A8-10F6-4366-9591-1FC9BB576A12}"
EndProject
Project("{9A19103F-16F7-4668-BE54-9A1E7A4F7556}") = "Day 4", "Advent4.1\Day 4.csproj", "{5145832F-026F-4CD6-812C-A2498D0602F3}"
EndProject
Global
	GlobalSection(SolutionConfigurationPlatforms) = preSolution
		Debug|Any CPU = Debug|Any CPU
		Release|Any CPU = Release|Any CPU
	EndGlobalSection
	GlobalSection(ProjectConfigurationPlatforms) = postSolution
		{ACE4C52F-AE2A-46EA-9D6D-0F0029B846EF}.Debug|Any CPU.ActiveCfg = Debug|Any CPU
		{ACE4C52F-AE2A-46EA-9D6D-0F0029B846EF}.Debug|Any CPU.Build.0 = Debug|Any CPU
		{ACE4C52F-AE2A-46EA-9D6D-0F0029B846EF}.Release|Any CPU.ActiveCfg = Release|Any CPU
		{ACE4C52F-AE2A-46EA-9D6D-0F0029B846EF}.Release|Any CPU.Build.0 = Release|Any CPU
		{C96FE6D3-84C5-4834-90B8-7A093424C58F}.Debug|Any CPU.ActiveCfg = Debug|Any CPU
		{C96FE6D3-84C5-4834-90B8-7A093424C58F}.Debug|Any CPU.Build.0 = Debug|Any CPU
		{C96FE6D3-84C5-4834-90B8-7A093424C58F}.Release|Any CPU.ActiveCfg = Release|Any CPU
		{C96FE6D3-84C5-4834-90B8-7A093424C58F}.Release|Any CPU.Build.0 = Release|Any CPU
		{2B86A3A8-10F6-4366-9591-1FC9BB576A12}.Debug|Any CPU.ActiveCfg = Debug|Any CPU
		{2B86A3A8-10F6-4366-9591-1FC9BB576A12}.Debug|Any CPU.Build.0 = Debug|Any CPU
		{2B86A3A8-10F6-4366-9591-1FC9BB576A12}.Release|Any CPU.ActiveCfg = Release|Any CPU
		{2B86A3A8-10F6-4366-9591-1FC9BB576A12}.Release|Any CPU.Build.0 = Release|Any CPU
		{5145832F-026F-4CD6-812C-A2498D0602F3}.Debug|Any CPU.ActiveCfg = Debug|Any CPU
		{5145832F-026F-4CD6-812C-A2498D0602F3}.Debug|Any CPU.Build.0 = Debug|Any CPU
		{5145832F-026F-4CD6-812C-A2498D0602F3}.Release|Any CPU.ActiveCfg = Release|Any CPU
		{5145832F-026F-4CD6-812C-A2498D0602F3}.Release|Any CPU.Build.0 = Release|Any CPU
	EndGlobalSection
	GlobalSection(SolutionProperties) = preSolution
		HideSolutionNode = FALSE
	EndGlobalSection
	GlobalSection(ExtensibilityGlobals) = postSolution
		SolutionGuid = {7CF4B551-EA51-484B-852C-66541070D762}
	EndGlobalSection
EndGlobal
